
Microsoft Visual Studio Solution File, Format Version 12.00
# Visual Studio Version 16
VisualStudioVersion = 16.0.29911.84
MinimumVisualStudioVersion = 10.0.40219.1
Project("{9A19103F-16F7-4668-BE54-9A1E7A4F7556}") = "TemperatureWebpage", "TemperatureWebpage.csproj", "{351EF205-F5FF-4524-8187-2B58EE5DC181}"
EndProject
Project("{FAE04EC0-301F-11D3-BF4B-00C04F79EFBC}") = "TemperatureWebpage.Test", "..\TemperatureWebpage.Test\TemperatureWebpage.Test.csproj", "{E1504219-CCF5-409F-8306-52C54EEE5B80}"
EndProject
Global
	GlobalSection(SolutionConfigurationPlatforms) = preSolution
		Debug|Any CPU = Debug|Any CPU
		Release|Any CPU = Release|Any CPU
	EndGlobalSection
	GlobalSection(ProjectConfigurationPlatforms) = postSolution
		{351EF205-F5FF-4524-8187-2B58EE5DC181}.Debug|Any CPU.ActiveCfg = Debug|Any CPU
		{351EF205-F5FF-4524-8187-2B58EE5DC181}.Debug|Any CPU.Build.0 = Debug|Any CPU
		{351EF205-F5FF-4524-8187-2B58EE5DC181}.Release|Any CPU.ActiveCfg = Release|Any CPU
		{351EF205-F5FF-4524-8187-2B58EE5DC181}.Release|Any CPU.Build.0 = Release|Any CPU
		{E1504219-CCF5-409F-8306-52C54EEE5B80}.Debug|Any CPU.ActiveCfg = Debug|Any CPU
		{E1504219-CCF5-409F-8306-52C54EEE5B80}.Debug|Any CPU.Build.0 = Debug|Any CPU
		{E1504219-CCF5-409F-8306-52C54EEE5B80}.Release|Any CPU.ActiveCfg = Release|Any CPU
		{E1504219-CCF5-409F-8306-52C54EEE5B80}.Release|Any CPU.Build.0 = Release|Any CPU
	EndGlobalSection
	GlobalSection(SolutionProperties) = preSolution
		HideSolutionNode = FALSE
	EndGlobalSection
	GlobalSection(ExtensibilityGlobals) = postSolution
		SolutionGuid = {C8957579-DC76-43A7-AD15-9569FCB4DB68}
	EndGlobalSection
EndGlobal
